
Microsoft Visual Studio Solution File, Format Version 12.00
# Visual Studio Version 16
VisualStudioVersion = 16.0.32228.343
MinimumVisualStudioVersion = 10.0.40219.1
Project("{2150E333-8FDC-42A3-9474-1A3956D46DE8}") = "sample", "sample", "{B8E04D22-BF0C-4B5A-896D-3A3F3133201B}"
EndProject
Project("{FAE04EC0-301F-11D3-BF4B-00C04F79EFBC}") = "WindowsFormsApp1", "sample\WindowsFormsApp1\WindowsFormsApp1.csproj", "{A931F6AB-5247-450A-83BE-E1FA46E086E6}"
EndProject
Project("{FAE04EC0-301F-11D3-BF4B-00C04F79EFBC}") = "ConsoleApp1", "sample\ConsoleApp1\ConsoleApp1.csproj", "{3A441B5A-0F33-4226-BA44-F67573E58EF2}"
EndProject
Project("{FAE04EC0-301F-11D3-BF4B-00C04F79EFBC}") = "BallApp", "sample\BallApp\BallApp.csproj", "{6E12030E-606E-4949-BFAC-5A5A1F94E75E}"
EndProject
Project("{2150E333-8FDC-42A3-9474-1A3956D46DE8}") = "Chapter01", "Chapter01", "{87D49C72-E478-4C6D-9F4C-A555B337F5B8}"
EndProject
Project("{FAE04EC0-301F-11D3-BF4B-00C04F79EFBC}") = "ProductSample", "Chapter01\Product\ProductSample.csproj", "{1C3F1EFE-357D-4198-9A3C-C06A0A4F3051}"
EndProject
Project("{2150E333-8FDC-42A3-9474-1A3956D46DE8}") = "chapter02", "chapter02", "{CC16EDD6-592E-44A1-963C-BDDDE0D25C5C}"
EndProject
Project("{2150E333-8FDC-42A3-9474-1A3956D46DE8}") = "距離換算プログラム", "距離換算プログラム", "{13931987-A8A7-4131-8ED5-41F343BCF2D4}"
EndProject
Project("{FAE04EC0-301F-11D3-BF4B-00C04F79EFBC}") = "DistanceConverter", "Chapter02\距離換算プログラム\DistanceConverter\DistanceConverter.csproj", "{C62513AF-FE92-4908-99A7-01A3F438CECA}"
EndProject
Project("{2150E333-8FDC-42A3-9474-1A3956D46DE8}") = "売り上げ集計プログラム", "売り上げ集計プログラム", "{23D6DF21-6F94-4B69-A0EF-767F9851206E}"
EndProject
Project("{FAE04EC0-301F-11D3-BF4B-00C04F79EFBC}") = "SalesCalculator", "Chapter02\売り上げ集計プログラム\SalesCalculator\SalesCalculator.csproj", "{32D9065A-EE15-4A2F-9140-142D915F8534}"
EndProject
Project("{2150E333-8FDC-42A3-9474-1A3956D46DE8}") = "演習問題", "演習問題", "{5584DF33-BE9B-4186-8147-D2FCDE899C23}"
EndProject
Project("{FAE04EC0-301F-11D3-BF4B-00C04F79EFBC}") = "Exercise01", "Chapter02\演習問題\Exercise01\Exercise01.csproj", "{6CA94578-095B-4B4E-8DBF-6A069F0F5E9B}"
EndProject
Project("{FAE04EC0-301F-11D3-BF4B-00C04F79EFBC}") = "Exercise02", "Chapter02\演習問題\Exercise02\Exercise02\Exercise02.csproj", "{F4F74C0A-B441-475D-83E9-B0627AFDD597}"
EndProject
Project("{FAE04EC0-301F-11D3-BF4B-00C04F79EFBC}") = "Exercise03", "Chapter02\演習問題\Exercise03\Exercise03.csproj", "{213EEA76-3561-4919-B93F-E0670D471E02}"
EndProject
Project("{2150E333-8FDC-42A3-9474-1A3956D46DE8}") = "chapter03", "chapter03", "{35E6F3B0-5E2F-47D7-96C8-9F5C33268557}"
EndProject
Project("{FAE04EC0-301F-11D3-BF4B-00C04F79EFBC}") = "Section01", "chapter03\Section01\Section01.csproj", "{04CA7FC6-755A-4753-8845-C4A1CB4CDFB2}"
EndProject
Project("{FAE04EC0-301F-11D3-BF4B-00C04F79EFBC}") = "Section03", "chapter03\Section03\Section03.csproj", "{BCF4928C-9860-4B80-918C-E94ABF0F2059}"
EndProject
Project("{FAE04EC0-301F-11D3-BF4B-00C04F79EFBC}") = "Section04", "chapter03\Section04\Section04.csproj", "{10E747E8-3845-4EAF-AE96-CFC157DDD000}"
EndProject
Project("{2150E333-8FDC-42A3-9474-1A3956D46DE8}") = "演習問題", "演習問題", "{14B6D3CE-F82C-4928-BB93-F1894502A985}"
EndProject
Project("{FAE04EC0-301F-11D3-BF4B-00C04F79EFBC}") = "Exercise01", "chapter03\演習問題\Exercise01\Exercise01.csproj", "{7C426844-5E58-449D-8A2A-66443732586E}"
EndProject
Project("{FAE04EC0-301F-11D3-BF4B-00C04F79EFBC}") = "Exercise02", "chapter03\演習問題\Exercise02\Exercise02.csproj", "{7469C6FB-70DC-4A1E-9B3A-C4892C309243}"
EndProject
Project("{2150E333-8FDC-42A3-9474-1A3956D46DE8}") = "chapter04", "chapter04", "{1AF10F65-E2C8-4F7F-99FD-D18F10F43611}"
EndProject
Project("{2150E333-8FDC-42A3-9474-1A3956D46DE8}") = "P115_条件演算子'null合体演算子", "P115_条件演算子'null合体演算子", "{E851639E-585C-4D02-8CC1-9B3B014F3111}"
EndProject
Project("{FAE04EC0-301F-11D3-BF4B-00C04F79EFBC}") = "Section04", "chapter04\条件演算子'合体演算子\Section04\Section04.csproj", "{6EA97A89-64CC-407B-83E9-99B1E7648319}"
EndProject
Project("{2150E333-8FDC-42A3-9474-1A3956D46DE8}") = "P126_TryParse", "P126_TryParse", "{CDDE4775-2FF0-4753-9FBB-05168F55F09C}"
EndProject
Project("{FAE04EC0-301F-11D3-BF4B-00C04F79EFBC}") = "Section07", "chapter04\TryParse\Section07\Section07.csproj", "{01219929-FDD5-4A80-BD17-877D36ACC4FF}"
EndProject
Project("{2150E333-8FDC-42A3-9474-1A3956D46DE8}") = "演習問題", "演習問題", "{E7DCDDF7-9BB7-4C2E-9441-9319B5291248}"
EndProject
Project("{FAE04EC0-301F-11D3-BF4B-00C04F79EFBC}") = "Exercise01", "chapter04\演習問題\Exercise01\Exercise01.csproj", "{845C0158-AFE8-457F-87C3-F4E55F82676E}"
EndProject
Project("{FAE04EC0-301F-11D3-BF4B-00C04F79EFBC}") = "Exercise02", "chapter04\演習問題\Exercise02\Exercise02.csproj", "{1529BC18-D60C-4B3E-958C-A4B4EA4AA4E7}"
EndProject
Project("{2150E333-8FDC-42A3-9474-1A3956D46DE8}") = "chapter05", "chapter05", "{2BF361EB-4086-451A-BC5B-ED90B45FE38C}"
EndProject
Project("{2150E333-8FDC-42A3-9474-1A3956D46DE8}") = "演習問題", "演習問題", "{9A3EB985-105F-4716-9BCF-0BFCD305CCF9}"
EndProject
Project("{FAE04EC0-301F-11D3-BF4B-00C04F79EFBC}") = "Exercise01", "chapter05\演習問題\Exercise01\Exercise01.csproj", "{8E0CA3C4-3835-4CC5-ABE5-985B56B75AA2}"
EndProject
Project("{FAE04EC0-301F-11D3-BF4B-00C04F79EFBC}") = "Exercise02", "chapter05\演習問題\Exercise02\Exercise02.csproj", "{2795914C-BE07-489F-A3CE-093F2F2A40B3}"
EndProject
Project("{FAE04EC0-301F-11D3-BF4B-00C04F79EFBC}") = "Exercise03", "chapter05\演習問題\Exercise03\Exercise03.csproj", "{1BE5CBF7-761C-419A-B1BC-5C3B62F2AFE8}"
EndProject
Project("{FAE04EC0-301F-11D3-BF4B-00C04F79EFBC}") = "Exercise04", "chapter05\演習問題\Exercise04\Exercise04.csproj", "{BA7ADE28-4926-45CF-9355-6FC04463FB97}"
EndProject
Project("{2150E333-8FDC-42A3-9474-1A3956D46DE8}") = "chapter06", "chapter06", "{FC26F597-5A35-4738-87B3-A85031559F00}"
EndProject
Project("{FAE04EC0-301F-11D3-BF4B-00C04F79EFBC}") = "Exercise01", "chapter06\演習問題\Exercise01\Exercise01.csproj", "{90DA3C45-1718-4A6A-B1C9-D4F591B089AA}"
EndProject
Project("{2150E333-8FDC-42A3-9474-1A3956D46DE8}") = "演習問題", "演習問題", "{938A0971-1A43-4CC7-B33C-EE5FD26D410B}"
EndProject
Project("{FAE04EC0-301F-11D3-BF4B-00C04F79EFBC}") = "Section01", "chapter06\Section01\Section01.csproj", "{3FBF3281-6D93-4944-9705-75F1DC6F4150}"
EndProject
Project("{FAE04EC0-301F-11D3-BF4B-00C04F79EFBC}") = "Section02", "chapter06\Section02\Section02.csproj", "{2CD2163E-83C3-4E0D-B712-31C64D55C220}"
EndProject
Project("{FAE04EC0-301F-11D3-BF4B-00C04F79EFBC}") = "Exercise02", "chapter06\演習問題\Exercise02\Exercise02.csproj", "{F2F455A4-75B6-4FE1-BA64-1878B01C76DF}"
EndProject
Project("{2150E333-8FDC-42A3-9474-1A3956D46DE8}") = "試験01", "試験01", "{8D89FF00-6C35-48D1-B12B-7D746C751D43}"
EndProject
Project("{FAE04EC0-301F-11D3-BF4B-00C04F79EFBC}") = "Test01", "TestProject\Test01\Test01.csproj", "{2BFACDC3-F44D-4199-8498-F5C3C4AC0335}"
EndProject
Project("{FAE04EC0-301F-11D3-BF4B-00C04F79EFBC}") = "Test02", "TestProject\Test02\Test02.csproj", "{E461C0A8-8900-485C-B520-E929BA33F712}"
EndProject
Project("{2150E333-8FDC-42A3-9474-1A3956D46DE8}") = "chapter07", "chapter07", "{3FBE7374-8C4D-4C2B-B6EF-8E4A4C10180C}"
EndProject
Project("{FAE04EC0-301F-11D3-BF4B-00C04F79EFBC}") = "Section01", "chapter07\Section01\Section01.csproj", "{583AA3C3-64E1-41EF-AAEE-49797FCCE97B}"
EndProject
Project("{FAE04EC0-301F-11D3-BF4B-00C04F79EFBC}") = "Section02", "chapter07\Section02\Section02\Section02.csproj", "{E969379E-3ED7-4E5D-8227-EE0EC7C42FCF}"
EndProject
Project("{2150E333-8FDC-42A3-9474-1A3956D46DE8}") = "演習問題", "演習問題", "{53259F79-530B-43E7-88D0-95AC1459784F}"
EndProject
Project("{FAE04EC0-301F-11D3-BF4B-00C04F79EFBC}") = "Excercise01", "chapter07\演習問題\Excercise01\Excercise01.csproj", "{A21018F7-5826-4711-AC28-2F18DAB91426}"
EndProject
Project("{FAE04EC0-301F-11D3-BF4B-00C04F79EFBC}") = "Exercise02", "chapter07\演習問題\Exercise02\Exercise02.csproj", "{2F56DF9F-1B45-4A2A-8F04-D0F83254A4A9}"
EndProject
Project("{FAE04EC0-301F-11D3-BF4B-00C04F79EFBC}") = "Section03", "chapter07\Section03\Section03\Section03.csproj", "{EBF3C796-F4CB-4C69-8731-897F65A740EC}"
EndProject
Project("{2150E333-8FDC-42A3-9474-1A3956D46DE8}") = "chapter08", "chapter08", "{212D82C1-2B58-47FA-8DD7-A469CB449CBC}"
EndProject
Project("{2150E333-8FDC-42A3-9474-1A3956D46DE8}") = "演習問題", "演習問題", "{9F0D14A2-4966-4453-BE34-E96E8939EBBD}"
EndProject
Project("{FAE04EC0-301F-11D3-BF4B-00C04F79EFBC}") = "Excercise01", "chapter08\演習問題\Excercise01\Excercise01.csproj", "{F6BC6F50-22B5-496A-A5C7-BF70A69B4B03}"
EndProject
Project("{FAE04EC0-301F-11D3-BF4B-00C04F79EFBC}") = "Excercise02", "chapter08\演習問題\Excercise02\Excercise02.csproj", "{5C3961D7-521D-42AF-BF86-AC4D5EB0916A}"
EndProject
Project("{FAE04EC0-301F-11D3-BF4B-00C04F79EFBC}") = "Excercise03", "chapter08\演習問題\Excercise03\Excercise03.csproj", "{97F7C905-1A8F-4837-83B2-E0A50E77D304}"
EndProject
Project("{FAE04EC0-301F-11D3-BF4B-00C04F79EFBC}") = "CalendarApp", "chapter08\フォームアプリケーション\CalendarApp\CalendarApp.csproj", "{0792B09A-C40F-4F78-921C-99AE322EE4EB}"
EndProject
Project("{2150E333-8FDC-42A3-9474-1A3956D46DE8}") = "FormApps", "FormApps", "{790C2C47-D8F8-47DF-A31F-A5340D6CEE55}"
EndProject
Project("{FAE04EC0-301F-11D3-BF4B-00C04F79EFBC}") = "CarReportSystem", "FormApps\CarReportSystem\CarReportSystem\CarReportSystem.csproj", "{0247A640-7947-4A91-B4F1-B74B35ADB231}"
EndProject
Project("{FAE04EC0-301F-11D3-BF4B-00C04F79EFBC}") = "Test03", "TestProject\Test03\Test03.csproj", "{1AA2D78D-C379-4BC0-A9FF-032BBD46F7DF}"
EndProject
Project("{2150E333-8FDC-42A3-9474-1A3956D46DE8}") = "Chapter13", "Chapter13", "{50601F04-A1E9-4815-951B-C374A4CBFDBF}"
EndProject
Project("{FAE04EC0-301F-11D3-BF4B-00C04F79EFBC}") = "SampleEntityFramework", "Chapter13\SampleEntityFramework\SampleEntityFramework.csproj", "{8BD0EA1D-B589-4AF3-ABB4-E4E7A97034E6}"
EndProject
Project("{2150E333-8FDC-42A3-9474-1A3956D46DE8}") = "chapter14", "chapter14", "{3BABE9C9-A100-4B58-9C76-B2944AD8DCFF}"
EndProject
Project("{FAE04EC0-301F-11D3-BF4B-00C04F79EFBC}") = "Section02", "Chapter14\Section02\Section02.csproj", "{B71AB5F6-9BA1-4858-8ACF-ED62FA0ECC5C}"
EndProject
Project("{FAE04EC0-301F-11D3-BF4B-00C04F79EFBC}") = "Section01", "Chapter14\Section01\Section01\Section01.csproj", "{083F308E-A0B8-4CEB-B6E1-9C3F80023B02}"
EndProject
Project("{FAE04EC0-301F-11D3-BF4B-00C04F79EFBC}") = "Section04", "Chapter14\Section04\Section04.csproj", "{53238A78-C57A-46C7-8408-A4B9CF3AC564}"
EndProject
Project("{FAE04EC0-301F-11D3-BF4B-00C04F79EFBC}") = "RssReader", "FormApps\RssReader\RssReader.csproj", "{56C86E31-BE1E-4F78-8846-144995C90A8B}"
EndProject
Global
	GlobalSection(SolutionConfigurationPlatforms) = preSolution
		Debug|Any CPU = Debug|Any CPU
		Release|Any CPU = Release|Any CPU
	EndGlobalSection
	GlobalSection(ProjectConfigurationPlatforms) = postSolution
		{A931F6AB-5247-450A-83BE-E1FA46E086E6}.Debug|Any CPU.ActiveCfg = Debug|Any CPU
		{A931F6AB-5247-450A-83BE-E1FA46E086E6}.Debug|Any CPU.Build.0 = Debug|Any CPU
		{A931F6AB-5247-450A-83BE-E1FA46E086E6}.Release|Any CPU.ActiveCfg = Release|Any CPU
		{A931F6AB-5247-450A-83BE-E1FA46E086E6}.Release|Any CPU.Build.0 = Release|Any CPU
		{3A441B5A-0F33-4226-BA44-F67573E58EF2}.Debug|Any CPU.ActiveCfg = Debug|Any CPU
		{3A441B5A-0F33-4226-BA44-F67573E58EF2}.Debug|Any CPU.Build.0 = Debug|Any CPU
		{3A441B5A-0F33-4226-BA44-F67573E58EF2}.Release|Any CPU.ActiveCfg = Release|Any CPU
		{3A441B5A-0F33-4226-BA44-F67573E58EF2}.Release|Any CPU.Build.0 = Release|Any CPU
		{6E12030E-606E-4949-BFAC-5A5A1F94E75E}.Debug|Any CPU.ActiveCfg = Debug|Any CPU
		{6E12030E-606E-4949-BFAC-5A5A1F94E75E}.Debug|Any CPU.Build.0 = Debug|Any CPU
		{6E12030E-606E-4949-BFAC-5A5A1F94E75E}.Release|Any CPU.ActiveCfg = Release|Any CPU
		{6E12030E-606E-4949-BFAC-5A5A1F94E75E}.Release|Any CPU.Build.0 = Release|Any CPU
		{1C3F1EFE-357D-4198-9A3C-C06A0A4F3051}.Debug|Any CPU.ActiveCfg = Debug|Any CPU
		{1C3F1EFE-357D-4198-9A3C-C06A0A4F3051}.Debug|Any CPU.Build.0 = Debug|Any CPU
		{1C3F1EFE-357D-4198-9A3C-C06A0A4F3051}.Release|Any CPU.ActiveCfg = Release|Any CPU
		{1C3F1EFE-357D-4198-9A3C-C06A0A4F3051}.Release|Any CPU.Build.0 = Release|Any CPU
		{C62513AF-FE92-4908-99A7-01A3F438CECA}.Debug|Any CPU.ActiveCfg = Debug|Any CPU
		{C62513AF-FE92-4908-99A7-01A3F438CECA}.Debug|Any CPU.Build.0 = Debug|Any CPU
		{C62513AF-FE92-4908-99A7-01A3F438CECA}.Release|Any CPU.ActiveCfg = Release|Any CPU
		{C62513AF-FE92-4908-99A7-01A3F438CECA}.Release|Any CPU.Build.0 = Release|Any CPU
		{32D9065A-EE15-4A2F-9140-142D915F8534}.Debug|Any CPU.ActiveCfg = Debug|Any CPU
		{32D9065A-EE15-4A2F-9140-142D915F8534}.Debug|Any CPU.Build.0 = Debug|Any CPU
		{32D9065A-EE15-4A2F-9140-142D915F8534}.Release|Any CPU.ActiveCfg = Release|Any CPU
		{32D9065A-EE15-4A2F-9140-142D915F8534}.Release|Any CPU.Build.0 = Release|Any CPU
		{6CA94578-095B-4B4E-8DBF-6A069F0F5E9B}.Debug|Any CPU.ActiveCfg = Debug|Any CPU
		{6CA94578-095B-4B4E-8DBF-6A069F0F5E9B}.Debug|Any CPU.Build.0 = Debug|Any CPU
		{6CA94578-095B-4B4E-8DBF-6A069F0F5E9B}.Release|Any CPU.ActiveCfg = Release|Any CPU
		{6CA94578-095B-4B4E-8DBF-6A069F0F5E9B}.Release|Any CPU.Build.0 = Release|Any CPU
		{F4F74C0A-B441-475D-83E9-B0627AFDD597}.Debug|Any CPU.ActiveCfg = Debug|Any CPU
		{F4F74C0A-B441-475D-83E9-B0627AFDD597}.Debug|Any CPU.Build.0 = Debug|Any CPU
		{F4F74C0A-B441-475D-83E9-B0627AFDD597}.Release|Any CPU.ActiveCfg = Release|Any CPU
		{F4F74C0A-B441-475D-83E9-B0627AFDD597}.Release|Any CPU.Build.0 = Release|Any CPU
		{213EEA76-3561-4919-B93F-E0670D471E02}.Debug|Any CPU.ActiveCfg = Debug|Any CPU
		{213EEA76-3561-4919-B93F-E0670D471E02}.Debug|Any CPU.Build.0 = Debug|Any CPU
		{213EEA76-3561-4919-B93F-E0670D471E02}.Release|Any CPU.ActiveCfg = Release|Any CPU
		{213EEA76-3561-4919-B93F-E0670D471E02}.Release|Any CPU.Build.0 = Release|Any CPU
		{04CA7FC6-755A-4753-8845-C4A1CB4CDFB2}.Debug|Any CPU.ActiveCfg = Debug|Any CPU
		{04CA7FC6-755A-4753-8845-C4A1CB4CDFB2}.Debug|Any CPU.Build.0 = Debug|Any CPU
		{04CA7FC6-755A-4753-8845-C4A1CB4CDFB2}.Release|Any CPU.ActiveCfg = Release|Any CPU
		{04CA7FC6-755A-4753-8845-C4A1CB4CDFB2}.Release|Any CPU.Build.0 = Release|Any CPU
		{BCF4928C-9860-4B80-918C-E94ABF0F2059}.Debug|Any CPU.ActiveCfg = Debug|Any CPU
		{BCF4928C-9860-4B80-918C-E94ABF0F2059}.Debug|Any CPU.Build.0 = Debug|Any CPU
		{BCF4928C-9860-4B80-918C-E94ABF0F2059}.Release|Any CPU.ActiveCfg = Release|Any CPU
		{BCF4928C-9860-4B80-918C-E94ABF0F2059}.Release|Any CPU.Build.0 = Release|Any CPU
		{10E747E8-3845-4EAF-AE96-CFC157DDD000}.Debug|Any CPU.ActiveCfg = Debug|Any CPU
		{10E747E8-3845-4EAF-AE96-CFC157DDD000}.Debug|Any CPU.Build.0 = Debug|Any CPU
		{10E747E8-3845-4EAF-AE96-CFC157DDD000}.Release|Any CPU.ActiveCfg = Release|Any CPU
		{10E747E8-3845-4EAF-AE96-CFC157DDD000}.Release|Any CPU.Build.0 = Release|Any CPU
		{7C426844-5E58-449D-8A2A-66443732586E}.Debug|Any CPU.ActiveCfg = Debug|Any CPU
		{7C426844-5E58-449D-8A2A-66443732586E}.Debug|Any CPU.Build.0 = Debug|Any CPU
		{7C426844-5E58-449D-8A2A-66443732586E}.Release|Any CPU.ActiveCfg = Release|Any CPU
		{7C426844-5E58-449D-8A2A-66443732586E}.Release|Any CPU.Build.0 = Release|Any CPU
		{7469C6FB-70DC-4A1E-9B3A-C4892C309243}.Debug|Any CPU.ActiveCfg = Debug|Any CPU
		{7469C6FB-70DC-4A1E-9B3A-C4892C309243}.Debug|Any CPU.Build.0 = Debug|Any CPU
		{7469C6FB-70DC-4A1E-9B3A-C4892C309243}.Release|Any CPU.ActiveCfg = Release|Any CPU
		{7469C6FB-70DC-4A1E-9B3A-C4892C309243}.Release|Any CPU.Build.0 = Release|Any CPU
		{6EA97A89-64CC-407B-83E9-99B1E7648319}.Debug|Any CPU.ActiveCfg = Debug|Any CPU
		{6EA97A89-64CC-407B-83E9-99B1E7648319}.Debug|Any CPU.Build.0 = Debug|Any CPU
		{6EA97A89-64CC-407B-83E9-99B1E7648319}.Release|Any CPU.ActiveCfg = Release|Any CPU
		{6EA97A89-64CC-407B-83E9-99B1E7648319}.Release|Any CPU.Build.0 = Release|Any CPU
		{01219929-FDD5-4A80-BD17-877D36ACC4FF}.Debug|Any CPU.ActiveCfg = Debug|Any CPU
		{01219929-FDD5-4A80-BD17-877D36ACC4FF}.Debug|Any CPU.Build.0 = Debug|Any CPU
		{01219929-FDD5-4A80-BD17-877D36ACC4FF}.Release|Any CPU.ActiveCfg = Release|Any CPU
		{01219929-FDD5-4A80-BD17-877D36ACC4FF}.Release|Any CPU.Build.0 = Release|Any CPU
		{845C0158-AFE8-457F-87C3-F4E55F82676E}.Debug|Any CPU.ActiveCfg = Debug|Any CPU
		{845C0158-AFE8-457F-87C3-F4E55F82676E}.Debug|Any CPU.Build.0 = Debug|Any CPU
		{845C0158-AFE8-457F-87C3-F4E55F82676E}.Release|Any CPU.ActiveCfg = Release|Any CPU
		{845C0158-AFE8-457F-87C3-F4E55F82676E}.Release|Any CPU.Build.0 = Release|Any CPU
		{1529BC18-D60C-4B3E-958C-A4B4EA4AA4E7}.Debug|Any CPU.ActiveCfg = Debug|Any CPU
		{1529BC18-D60C-4B3E-958C-A4B4EA4AA4E7}.Debug|Any CPU.Build.0 = Debug|Any CPU
		{1529BC18-D60C-4B3E-958C-A4B4EA4AA4E7}.Release|Any CPU.ActiveCfg = Release|Any CPU
		{1529BC18-D60C-4B3E-958C-A4B4EA4AA4E7}.Release|Any CPU.Build.0 = Release|Any CPU
		{8E0CA3C4-3835-4CC5-ABE5-985B56B75AA2}.Debug|Any CPU.ActiveCfg = Debug|Any CPU
		{8E0CA3C4-3835-4CC5-ABE5-985B56B75AA2}.Debug|Any CPU.Build.0 = Debug|Any CPU
		{8E0CA3C4-3835-4CC5-ABE5-985B56B75AA2}.Release|Any CPU.ActiveCfg = Release|Any CPU
		{8E0CA3C4-3835-4CC5-ABE5-985B56B75AA2}.Release|Any CPU.Build.0 = Release|Any CPU
		{2795914C-BE07-489F-A3CE-093F2F2A40B3}.Debug|Any CPU.ActiveCfg = Debug|Any CPU
		{2795914C-BE07-489F-A3CE-093F2F2A40B3}.Debug|Any CPU.Build.0 = Debug|Any CPU
		{2795914C-BE07-489F-A3CE-093F2F2A40B3}.Release|Any CPU.ActiveCfg = Release|Any CPU
		{2795914C-BE07-489F-A3CE-093F2F2A40B3}.Release|Any CPU.Build.0 = Release|Any CPU
		{1BE5CBF7-761C-419A-B1BC-5C3B62F2AFE8}.Debug|Any CPU.ActiveCfg = Debug|Any CPU
		{1BE5CBF7-761C-419A-B1BC-5C3B62F2AFE8}.Debug|Any CPU.Build.0 = Debug|Any CPU
		{1BE5CBF7-761C-419A-B1BC-5C3B62F2AFE8}.Release|Any CPU.ActiveCfg = Release|Any CPU
		{1BE5CBF7-761C-419A-B1BC-5C3B62F2AFE8}.Release|Any CPU.Build.0 = Release|Any CPU
		{BA7ADE28-4926-45CF-9355-6FC04463FB97}.Debug|Any CPU.ActiveCfg = Debug|Any CPU
		{BA7ADE28-4926-45CF-9355-6FC04463FB97}.Debug|Any CPU.Build.0 = Debug|Any CPU
		{BA7ADE28-4926-45CF-9355-6FC04463FB97}.Release|Any CPU.ActiveCfg = Release|Any CPU
		{BA7ADE28-4926-45CF-9355-6FC04463FB97}.Release|Any CPU.Build.0 = Release|Any CPU
		{90DA3C45-1718-4A6A-B1C9-D4F591B089AA}.Debug|Any CPU.ActiveCfg = Debug|Any CPU
		{90DA3C45-1718-4A6A-B1C9-D4F591B089AA}.Debug|Any CPU.Build.0 = Debug|Any CPU
		{90DA3C45-1718-4A6A-B1C9-D4F591B089AA}.Release|Any CPU.ActiveCfg = Release|Any CPU
		{90DA3C45-1718-4A6A-B1C9-D4F591B089AA}.Release|Any CPU.Build.0 = Release|Any CPU
		{3FBF3281-6D93-4944-9705-75F1DC6F4150}.Debug|Any CPU.ActiveCfg = Debug|Any CPU
		{3FBF3281-6D93-4944-9705-75F1DC6F4150}.Debug|Any CPU.Build.0 = Debug|Any CPU
		{3FBF3281-6D93-4944-9705-75F1DC6F4150}.Release|Any CPU.ActiveCfg = Release|Any CPU
		{3FBF3281-6D93-4944-9705-75F1DC6F4150}.Release|Any CPU.Build.0 = Release|Any CPU
		{2CD2163E-83C3-4E0D-B712-31C64D55C220}.Debug|Any CPU.ActiveCfg = Debug|Any CPU
		{2CD2163E-83C3-4E0D-B712-31C64D55C220}.Debug|Any CPU.Build.0 = Debug|Any CPU
		{2CD2163E-83C3-4E0D-B712-31C64D55C220}.Release|Any CPU.ActiveCfg = Release|Any CPU
		{2CD2163E-83C3-4E0D-B712-31C64D55C220}.Release|Any CPU.Build.0 = Release|Any CPU
		{F2F455A4-75B6-4FE1-BA64-1878B01C76DF}.Debug|Any CPU.ActiveCfg = Debug|Any CPU
		{F2F455A4-75B6-4FE1-BA64-1878B01C76DF}.Debug|Any CPU.Build.0 = Debug|Any CPU
		{F2F455A4-75B6-4FE1-BA64-1878B01C76DF}.Release|Any CPU.ActiveCfg = Release|Any CPU
		{F2F455A4-75B6-4FE1-BA64-1878B01C76DF}.Release|Any CPU.Build.0 = Release|Any CPU
		{2BFACDC3-F44D-4199-8498-F5C3C4AC0335}.Debug|Any CPU.ActiveCfg = Debug|Any CPU
		{2BFACDC3-F44D-4199-8498-F5C3C4AC0335}.Debug|Any CPU.Build.0 = Debug|Any CPU
		{2BFACDC3-F44D-4199-8498-F5C3C4AC0335}.Release|Any CPU.ActiveCfg = Release|Any CPU
		{2BFACDC3-F44D-4199-8498-F5C3C4AC0335}.Release|Any CPU.Build.0 = Release|Any CPU
		{E461C0A8-8900-485C-B520-E929BA33F712}.Debug|Any CPU.ActiveCfg = Debug|Any CPU
		{E461C0A8-8900-485C-B520-E929BA33F712}.Debug|Any CPU.Build.0 = Debug|Any CPU
		{E461C0A8-8900-485C-B520-E929BA33F712}.Release|Any CPU.ActiveCfg = Release|Any CPU
		{E461C0A8-8900-485C-B520-E929BA33F712}.Release|Any CPU.Build.0 = Release|Any CPU
		{583AA3C3-64E1-41EF-AAEE-49797FCCE97B}.Debug|Any CPU.ActiveCfg = Debug|Any CPU
		{583AA3C3-64E1-41EF-AAEE-49797FCCE97B}.Debug|Any CPU.Build.0 = Debug|Any CPU
		{583AA3C3-64E1-41EF-AAEE-49797FCCE97B}.Release|Any CPU.ActiveCfg = Release|Any CPU
		{583AA3C3-64E1-41EF-AAEE-49797FCCE97B}.Release|Any CPU.Build.0 = Release|Any CPU
		{E969379E-3ED7-4E5D-8227-EE0EC7C42FCF}.Debug|Any CPU.ActiveCfg = Debug|Any CPU
		{E969379E-3ED7-4E5D-8227-EE0EC7C42FCF}.Debug|Any CPU.Build.0 = Debug|Any CPU
		{E969379E-3ED7-4E5D-8227-EE0EC7C42FCF}.Release|Any CPU.ActiveCfg = Release|Any CPU
		{E969379E-3ED7-4E5D-8227-EE0EC7C42FCF}.Release|Any CPU.Build.0 = Release|Any CPU
		{A21018F7-5826-4711-AC28-2F18DAB91426}.Debug|Any CPU.ActiveCfg = Debug|Any CPU
		{A21018F7-5826-4711-AC28-2F18DAB91426}.Debug|Any CPU.Build.0 = Debug|Any CPU
		{A21018F7-5826-4711-AC28-2F18DAB91426}.Release|Any CPU.ActiveCfg = Release|Any CPU
		{A21018F7-5826-4711-AC28-2F18DAB91426}.Release|Any CPU.Build.0 = Release|Any CPU
		{2F56DF9F-1B45-4A2A-8F04-D0F83254A4A9}.Debug|Any CPU.ActiveCfg = Debug|Any CPU
		{2F56DF9F-1B45-4A2A-8F04-D0F83254A4A9}.Debug|Any CPU.Build.0 = Debug|Any CPU
		{2F56DF9F-1B45-4A2A-8F04-D0F83254A4A9}.Release|Any CPU.ActiveCfg = Release|Any CPU
		{2F56DF9F-1B45-4A2A-8F04-D0F83254A4A9}.Release|Any CPU.Build.0 = Release|Any CPU
		{EBF3C796-F4CB-4C69-8731-897F65A740EC}.Debug|Any CPU.ActiveCfg = Debug|Any CPU
		{EBF3C796-F4CB-4C69-8731-897F65A740EC}.Debug|Any CPU.Build.0 = Debug|Any CPU
		{EBF3C796-F4CB-4C69-8731-897F65A740EC}.Release|Any CPU.ActiveCfg = Release|Any CPU
		{EBF3C796-F4CB-4C69-8731-897F65A740EC}.Release|Any CPU.Build.0 = Release|Any CPU
		{F6BC6F50-22B5-496A-A5C7-BF70A69B4B03}.Debug|Any CPU.ActiveCfg = Debug|Any CPU
		{F6BC6F50-22B5-496A-A5C7-BF70A69B4B03}.Debug|Any CPU.Build.0 = Debug|Any CPU
		{F6BC6F50-22B5-496A-A5C7-BF70A69B4B03}.Release|Any CPU.ActiveCfg = Release|Any CPU
		{F6BC6F50-22B5-496A-A5C7-BF70A69B4B03}.Release|Any CPU.Build.0 = Release|Any CPU
		{5C3961D7-521D-42AF-BF86-AC4D5EB0916A}.Debug|Any CPU.ActiveCfg = Debug|Any CPU
		{5C3961D7-521D-42AF-BF86-AC4D5EB0916A}.Debug|Any CPU.Build.0 = Debug|Any CPU
		{5C3961D7-521D-42AF-BF86-AC4D5EB0916A}.Release|Any CPU.ActiveCfg = Release|Any CPU
		{5C3961D7-521D-42AF-BF86-AC4D5EB0916A}.Release|Any CPU.Build.0 = Release|Any CPU
		{97F7C905-1A8F-4837-83B2-E0A50E77D304}.Debug|Any CPU.ActiveCfg = Debug|Any CPU
		{97F7C905-1A8F-4837-83B2-E0A50E77D304}.Debug|Any CPU.Build.0 = Debug|Any CPU
		{97F7C905-1A8F-4837-83B2-E0A50E77D304}.Release|Any CPU.ActiveCfg = Release|Any CPU
		{97F7C905-1A8F-4837-83B2-E0A50E77D304}.Release|Any CPU.Build.0 = Release|Any CPU
		{0792B09A-C40F-4F78-921C-99AE322EE4EB}.Debug|Any CPU.ActiveCfg = Debug|Any CPU
		{0792B09A-C40F-4F78-921C-99AE322EE4EB}.Debug|Any CPU.Build.0 = Debug|Any CPU
		{0792B09A-C40F-4F78-921C-99AE322EE4EB}.Release|Any CPU.ActiveCfg = Release|Any CPU
		{0792B09A-C40F-4F78-921C-99AE322EE4EB}.Release|Any CPU.Build.0 = Release|Any CPU
		{0247A640-7947-4A91-B4F1-B74B35ADB231}.Debug|Any CPU.ActiveCfg = Debug|Any CPU
		{0247A640-7947-4A91-B4F1-B74B35ADB231}.Debug|Any CPU.Build.0 = Debug|Any CPU
		{0247A640-7947-4A91-B4F1-B74B35ADB231}.Release|Any CPU.ActiveCfg = Release|Any CPU
		{0247A640-7947-4A91-B4F1-B74B35ADB231}.Release|Any CPU.Build.0 = Release|Any CPU
		{1AA2D78D-C379-4BC0-A9FF-032BBD46F7DF}.Debug|Any CPU.ActiveCfg = Debug|Any CPU
		{1AA2D78D-C379-4BC0-A9FF-032BBD46F7DF}.Debug|Any CPU.Build.0 = Debug|Any CPU
		{1AA2D78D-C379-4BC0-A9FF-032BBD46F7DF}.Release|Any CPU.ActiveCfg = Release|Any CPU
		{1AA2D78D-C379-4BC0-A9FF-032BBD46F7DF}.Release|Any CPU.Build.0 = Release|Any CPU
		{8BD0EA1D-B589-4AF3-ABB4-E4E7A97034E6}.Debug|Any CPU.ActiveCfg = Debug|Any CPU
		{8BD0EA1D-B589-4AF3-ABB4-E4E7A97034E6}.Debug|Any CPU.Build.0 = Debug|Any CPU
		{8BD0EA1D-B589-4AF3-ABB4-E4E7A97034E6}.Release|Any CPU.ActiveCfg = Release|Any CPU
		{8BD0EA1D-B589-4AF3-ABB4-E4E7A97034E6}.Release|Any CPU.Build.0 = Release|Any CPU
		{B71AB5F6-9BA1-4858-8ACF-ED62FA0ECC5C}.Debug|Any CPU.ActiveCfg = Debug|Any CPU
		{B71AB5F6-9BA1-4858-8ACF-ED62FA0ECC5C}.Debug|Any CPU.Build.0 = Debug|Any CPU
		{B71AB5F6-9BA1-4858-8ACF-ED62FA0ECC5C}.Release|Any CPU.ActiveCfg = Release|Any CPU
		{B71AB5F6-9BA1-4858-8ACF-ED62FA0ECC5C}.Release|Any CPU.Build.0 = Release|Any CPU
		{083F308E-A0B8-4CEB-B6E1-9C3F80023B02}.Debug|Any CPU.ActiveCfg = Debug|Any CPU
		{083F308E-A0B8-4CEB-B6E1-9C3F80023B02}.Debug|Any CPU.Build.0 = Debug|Any CPU
		{083F308E-A0B8-4CEB-B6E1-9C3F80023B02}.Release|Any CPU.ActiveCfg = Release|Any CPU
		{083F308E-A0B8-4CEB-B6E1-9C3F80023B02}.Release|Any CPU.Build.0 = Release|Any CPU
		{53238A78-C57A-46C7-8408-A4B9CF3AC564}.Debug|Any CPU.ActiveCfg = Debug|Any CPU
		{53238A78-C57A-46C7-8408-A4B9CF3AC564}.Debug|Any CPU.Build.0 = Debug|Any CPU
		{53238A78-C57A-46C7-8408-A4B9CF3AC564}.Release|Any CPU.ActiveCfg = Release|Any CPU
		{53238A78-C57A-46C7-8408-A4B9CF3AC564}.Release|Any CPU.Build.0 = Release|Any CPU
		{56C86E31-BE1E-4F78-8846-144995C90A8B}.Debug|Any CPU.ActiveCfg = Debug|Any CPU
		{56C86E31-BE1E-4F78-8846-144995C90A8B}.Debug|Any CPU.Build.0 = Debug|Any CPU
		{56C86E31-BE1E-4F78-8846-144995C90A8B}.Release|Any CPU.ActiveCfg = Release|Any CPU
		{56C86E31-BE1E-4F78-8846-144995C90A8B}.Release|Any CPU.Build.0 = Release|Any CPU
	EndGlobalSection
	GlobalSection(SolutionProperties) = preSolution
		HideSolutionNode = FALSE
	EndGlobalSection
	GlobalSection(NestedProjects) = preSolution
		{A931F6AB-5247-450A-83BE-E1FA46E086E6} = {B8E04D22-BF0C-4B5A-896D-3A3F3133201B}
		{3A441B5A-0F33-4226-BA44-F67573E58EF2} = {B8E04D22-BF0C-4B5A-896D-3A3F3133201B}
		{6E12030E-606E-4949-BFAC-5A5A1F94E75E} = {B8E04D22-BF0C-4B5A-896D-3A3F3133201B}
		{1C3F1EFE-357D-4198-9A3C-C06A0A4F3051} = {87D49C72-E478-4C6D-9F4C-A555B337F5B8}
		{13931987-A8A7-4131-8ED5-41F343BCF2D4} = {CC16EDD6-592E-44A1-963C-BDDDE0D25C5C}
		{C62513AF-FE92-4908-99A7-01A3F438CECA} = {13931987-A8A7-4131-8ED5-41F343BCF2D4}
		{23D6DF21-6F94-4B69-A0EF-767F9851206E} = {CC16EDD6-592E-44A1-963C-BDDDE0D25C5C}
		{32D9065A-EE15-4A2F-9140-142D915F8534} = {23D6DF21-6F94-4B69-A0EF-767F9851206E}
		{5584DF33-BE9B-4186-8147-D2FCDE899C23} = {CC16EDD6-592E-44A1-963C-BDDDE0D25C5C}
		{6CA94578-095B-4B4E-8DBF-6A069F0F5E9B} = {5584DF33-BE9B-4186-8147-D2FCDE899C23}
		{F4F74C0A-B441-475D-83E9-B0627AFDD597} = {5584DF33-BE9B-4186-8147-D2FCDE899C23}
		{213EEA76-3561-4919-B93F-E0670D471E02} = {5584DF33-BE9B-4186-8147-D2FCDE899C23}
		{04CA7FC6-755A-4753-8845-C4A1CB4CDFB2} = {35E6F3B0-5E2F-47D7-96C8-9F5C33268557}
		{BCF4928C-9860-4B80-918C-E94ABF0F2059} = {35E6F3B0-5E2F-47D7-96C8-9F5C33268557}
		{10E747E8-3845-4EAF-AE96-CFC157DDD000} = {35E6F3B0-5E2F-47D7-96C8-9F5C33268557}
		{14B6D3CE-F82C-4928-BB93-F1894502A985} = {35E6F3B0-5E2F-47D7-96C8-9F5C33268557}
		{7C426844-5E58-449D-8A2A-66443732586E} = {14B6D3CE-F82C-4928-BB93-F1894502A985}
		{7469C6FB-70DC-4A1E-9B3A-C4892C309243} = {14B6D3CE-F82C-4928-BB93-F1894502A985}
		{E851639E-585C-4D02-8CC1-9B3B014F3111} = {1AF10F65-E2C8-4F7F-99FD-D18F10F43611}
		{6EA97A89-64CC-407B-83E9-99B1E7648319} = {E851639E-585C-4D02-8CC1-9B3B014F3111}
		{CDDE4775-2FF0-4753-9FBB-05168F55F09C} = {1AF10F65-E2C8-4F7F-99FD-D18F10F43611}
		{01219929-FDD5-4A80-BD17-877D36ACC4FF} = {CDDE4775-2FF0-4753-9FBB-05168F55F09C}
		{E7DCDDF7-9BB7-4C2E-9441-9319B5291248} = {1AF10F65-E2C8-4F7F-99FD-D18F10F43611}
		{845C0158-AFE8-457F-87C3-F4E55F82676E} = {E7DCDDF7-9BB7-4C2E-9441-9319B5291248}
		{1529BC18-D60C-4B3E-958C-A4B4EA4AA4E7} = {E7DCDDF7-9BB7-4C2E-9441-9319B5291248}
		{9A3EB985-105F-4716-9BCF-0BFCD305CCF9} = {2BF361EB-4086-451A-BC5B-ED90B45FE38C}
		{8E0CA3C4-3835-4CC5-ABE5-985B56B75AA2} = {9A3EB985-105F-4716-9BCF-0BFCD305CCF9}
		{2795914C-BE07-489F-A3CE-093F2F2A40B3} = {9A3EB985-105F-4716-9BCF-0BFCD305CCF9}
		{1BE5CBF7-761C-419A-B1BC-5C3B62F2AFE8} = {9A3EB985-105F-4716-9BCF-0BFCD305CCF9}
		{BA7ADE28-4926-45CF-9355-6FC04463FB97} = {9A3EB985-105F-4716-9BCF-0BFCD305CCF9}
		{90DA3C45-1718-4A6A-B1C9-D4F591B089AA} = {938A0971-1A43-4CC7-B33C-EE5FD26D410B}
		{938A0971-1A43-4CC7-B33C-EE5FD26D410B} = {FC26F597-5A35-4738-87B3-A85031559F00}
		{3FBF3281-6D93-4944-9705-75F1DC6F4150} = {FC26F597-5A35-4738-87B3-A85031559F00}
		{2CD2163E-83C3-4E0D-B712-31C64D55C220} = {FC26F597-5A35-4738-87B3-A85031559F00}
		{F2F455A4-75B6-4FE1-BA64-1878B01C76DF} = {938A0971-1A43-4CC7-B33C-EE5FD26D410B}
		{2BFACDC3-F44D-4199-8498-F5C3C4AC0335} = {8D89FF00-6C35-48D1-B12B-7D746C751D43}
		{E461C0A8-8900-485C-B520-E929BA33F712} = {8D89FF00-6C35-48D1-B12B-7D746C751D43}
		{583AA3C3-64E1-41EF-AAEE-49797FCCE97B} = {3FBE7374-8C4D-4C2B-B6EF-8E4A4C10180C}
		{E969379E-3ED7-4E5D-8227-EE0EC7C42FCF} = {3FBE7374-8C4D-4C2B-B6EF-8E4A4C10180C}
		{53259F79-530B-43E7-88D0-95AC1459784F} = {3FBE7374-8C4D-4C2B-B6EF-8E4A4C10180C}
		{A21018F7-5826-4711-AC28-2F18DAB91426} = {53259F79-530B-43E7-88D0-95AC1459784F}
		{2F56DF9F-1B45-4A2A-8F04-D0F83254A4A9} = {53259F79-530B-43E7-88D0-95AC1459784F}
		{EBF3C796-F4CB-4C69-8731-897F65A740EC} = {3FBE7374-8C4D-4C2B-B6EF-8E4A4C10180C}
		{9F0D14A2-4966-4453-BE34-E96E8939EBBD} = {212D82C1-2B58-47FA-8DD7-A469CB449CBC}
		{F6BC6F50-22B5-496A-A5C7-BF70A69B4B03} = {9F0D14A2-4966-4453-BE34-E96E8939EBBD}
		{5C3961D7-521D-42AF-BF86-AC4D5EB0916A} = {9F0D14A2-4966-4453-BE34-E96E8939EBBD}
		{97F7C905-1A8F-4837-83B2-E0A50E77D304} = {9F0D14A2-4966-4453-BE34-E96E8939EBBD}
		{0792B09A-C40F-4F78-921C-99AE322EE4EB} = {212D82C1-2B58-47FA-8DD7-A469CB449CBC}
		{0247A640-7947-4A91-B4F1-B74B35ADB231} = {790C2C47-D8F8-47DF-A31F-A5340D6CEE55}
		{1AA2D78D-C379-4BC0-A9FF-032BBD46F7DF} = {8D89FF00-6C35-48D1-B12B-7D746C751D43}
		{8BD0EA1D-B589-4AF3-ABB4-E4E7A97034E6} = {50601F04-A1E9-4815-951B-C374A4CBFDBF}
		{B71AB5F6-9BA1-4858-8ACF-ED62FA0ECC5C} = {3BABE9C9-A100-4B58-9C76-B2944AD8DCFF}
		{083F308E-A0B8-4CEB-B6E1-9C3F80023B02} = {3BABE9C9-A100-4B58-9C76-B2944AD8DCFF}
		{53238A78-C57A-46C7-8408-A4B9CF3AC564} = {3BABE9C9-A100-4B58-9C76-B2944AD8DCFF}
		{56C86E31-BE1E-4F78-8846-144995C90A8B} = {790C2C47-D8F8-47DF-A31F-A5340D6CEE55}
	EndGlobalSection
	GlobalSection(ExtensibilityGlobals) = postSolution
		SolutionGuid = {08571316-4C15-45B4-B1B0-1F9E4B6D8EA1}
	EndGlobalSection
EndGlobal
