
Microsoft Visual Studio Solution File, Format Version 12.00
# Visual Studio Version 16
VisualStudioVersion = 16.0.32228.343
MinimumVisualStudioVersion = 10.0.40219.1
Project("{2150E333-8FDC-42A3-9474-1A3956D46DE8}") = "sample", "sample", "{B8E04D22-BF0C-4B5A-896D-3A3F3133201B}"
EndProject
Project("{FAE04EC0-301F-11D3-BF4B-00C04F79EFBC}") = "WindowsFormsApp1", "sample\WindowsFormsApp1\WindowsFormsApp1.csproj", "{A931F6AB-5247-450A-83BE-E1FA46E086E6}"
EndProject
Project("{FAE04EC0-301F-11D3-BF4B-00C04F79EFBC}") = "ConsoleApp1", "sample\ConsoleApp1\ConsoleApp1.csproj", "{3A441B5A-0F33-4226-BA44-F67573E58EF2}"
EndProject
Project("{FAE04EC0-301F-11D3-BF4B-00C04F79EFBC}") = "BallApp", "sample\BallApp\BallApp.csproj", "{6E12030E-606E-4949-BFAC-5A5A1F94E75E}"
EndProject
Project("{2150E333-8FDC-42A3-9474-1A3956D46DE8}") = "Chapter01", "Chapter01", "{87D49C72-E478-4C6D-9F4C-A555B337F5B8}"
EndProject
Project("{FAE04EC0-301F-11D3-BF4B-00C04F79EFBC}") = "ProductSample", "Chapter01\Product\ProductSample.csproj", "{1C3F1EFE-357D-4198-9A3C-C06A0A4F3051}"
EndProject
Project("{2150E333-8FDC-42A3-9474-1A3956D46DE8}") = "chapter02", "chapter02", "{CC16EDD6-592E-44A1-963C-BDDDE0D25C5C}"
EndProject
Project("{2150E333-8FDC-42A3-9474-1A3956D46DE8}") = "距離換算プログラム", "距離換算プログラム", "{13931987-A8A7-4131-8ED5-41F343BCF2D4}"
EndProject
Project("{FAE04EC0-301F-11D3-BF4B-00C04F79EFBC}") = "DistanceConverter", "Chapter02\距離換算プログラム\DistanceConverter\DistanceConverter.csproj", "{C62513AF-FE92-4908-99A7-01A3F438CECA}"
EndProject
Project("{2150E333-8FDC-42A3-9474-1A3956D46DE8}") = "売り上げ集計プログラム", "売り上げ集計プログラム", "{23D6DF21-6F94-4B69-A0EF-767F9851206E}"
EndProject
Project("{FAE04EC0-301F-11D3-BF4B-00C04F79EFBC}") = "SalesCalculator", "Chapter02\売り上げ集計プログラム\SalesCalculator\SalesCalculator.csproj", "{32D9065A-EE15-4A2F-9140-142D915F8534}"
EndProject
Project("{2150E333-8FDC-42A3-9474-1A3956D46DE8}") = "演習問題", "演習問題", "{5584DF33-BE9B-4186-8147-D2FCDE899C23}"
EndProject
Project("{FAE04EC0-301F-11D3-BF4B-00C04F79EFBC}") = "Exercise01", "Chapter02\演習問題\Exercise01\Exercise01.csproj", "{6CA94578-095B-4B4E-8DBF-6A069F0F5E9B}"
EndProject
Project("{FAE04EC0-301F-11D3-BF4B-00C04F79EFBC}") = "Exercise02", "Chapter02\演習問題\Exercise02\Exercise02\Exercise02.csproj", "{F4F74C0A-B441-475D-83E9-B0627AFDD597}"
EndProject
Project("{FAE04EC0-301F-11D3-BF4B-00C04F79EFBC}") = "Exercise03", "Chapter02\演習問題\Exercise03\Exercise03.csproj", "{213EEA76-3561-4919-B93F-E0670D471E02}"
EndProject
Project("{2150E333-8FDC-42A3-9474-1A3956D46DE8}") = "chapter03", "chapter03", "{35E6F3B0-5E2F-47D7-96C8-9F5C33268557}"
EndProject
Project("{FAE04EC0-301F-11D3-BF4B-00C04F79EFBC}") = "Section01", "chapter03\Section01\Section01.csproj", "{04CA7FC6-755A-4753-8845-C4A1CB4CDFB2}"
EndProject
Global
	GlobalSection(SolutionConfigurationPlatforms) = preSolution
		Debug|Any CPU = Debug|Any CPU
		Release|Any CPU = Release|Any CPU
	EndGlobalSection
	GlobalSection(ProjectConfigurationPlatforms) = postSolution
		{A931F6AB-5247-450A-83BE-E1FA46E086E6}.Debug|Any CPU.ActiveCfg = Debug|Any CPU
		{A931F6AB-5247-450A-83BE-E1FA46E086E6}.Debug|Any CPU.Build.0 = Debug|Any CPU
		{A931F6AB-5247-450A-83BE-E1FA46E086E6}.Release|Any CPU.ActiveCfg = Release|Any CPU
		{A931F6AB-5247-450A-83BE-E1FA46E086E6}.Release|Any CPU.Build.0 = Release|Any CPU
		{3A441B5A-0F33-4226-BA44-F67573E58EF2}.Debug|Any CPU.ActiveCfg = Debug|Any CPU
		{3A441B5A-0F33-4226-BA44-F67573E58EF2}.Debug|Any CPU.Build.0 = Debug|Any CPU
		{3A441B5A-0F33-4226-BA44-F67573E58EF2}.Release|Any CPU.ActiveCfg = Release|Any CPU
		{3A441B5A-0F33-4226-BA44-F67573E58EF2}.Release|Any CPU.Build.0 = Release|Any CPU
		{6E12030E-606E-4949-BFAC-5A5A1F94E75E}.Debug|Any CPU.ActiveCfg = Debug|Any CPU
		{6E12030E-606E-4949-BFAC-5A5A1F94E75E}.Debug|Any CPU.Build.0 = Debug|Any CPU
		{6E12030E-606E-4949-BFAC-5A5A1F94E75E}.Release|Any CPU.ActiveCfg = Release|Any CPU
		{6E12030E-606E-4949-BFAC-5A5A1F94E75E}.Release|Any CPU.Build.0 = Release|Any CPU
		{1C3F1EFE-357D-4198-9A3C-C06A0A4F3051}.Debug|Any CPU.ActiveCfg = Debug|Any CPU
		{1C3F1EFE-357D-4198-9A3C-C06A0A4F3051}.Debug|Any CPU.Build.0 = Debug|Any CPU
		{1C3F1EFE-357D-4198-9A3C-C06A0A4F3051}.Release|Any CPU.ActiveCfg = Release|Any CPU
		{1C3F1EFE-357D-4198-9A3C-C06A0A4F3051}.Release|Any CPU.Build.0 = Release|Any CPU
		{C62513AF-FE92-4908-99A7-01A3F438CECA}.Debug|Any CPU.ActiveCfg = Debug|Any CPU
		{C62513AF-FE92-4908-99A7-01A3F438CECA}.Debug|Any CPU.Build.0 = Debug|Any CPU
		{C62513AF-FE92-4908-99A7-01A3F438CECA}.Release|Any CPU.ActiveCfg = Release|Any CPU
		{C62513AF-FE92-4908-99A7-01A3F438CECA}.Release|Any CPU.Build.0 = Release|Any CPU
		{32D9065A-EE15-4A2F-9140-142D915F8534}.Debug|Any CPU.ActiveCfg = Debug|Any CPU
		{32D9065A-EE15-4A2F-9140-142D915F8534}.Debug|Any CPU.Build.0 = Debug|Any CPU
		{32D9065A-EE15-4A2F-9140-142D915F8534}.Release|Any CPU.ActiveCfg = Release|Any CPU
		{32D9065A-EE15-4A2F-9140-142D915F8534}.Release|Any CPU.Build.0 = Release|Any CPU
		{6CA94578-095B-4B4E-8DBF-6A069F0F5E9B}.Debug|Any CPU.ActiveCfg = Debug|Any CPU
		{6CA94578-095B-4B4E-8DBF-6A069F0F5E9B}.Debug|Any CPU.Build.0 = Debug|Any CPU
		{6CA94578-095B-4B4E-8DBF-6A069F0F5E9B}.Release|Any CPU.ActiveCfg = Release|Any CPU
		{6CA94578-095B-4B4E-8DBF-6A069F0F5E9B}.Release|Any CPU.Build.0 = Release|Any CPU
		{F4F74C0A-B441-475D-83E9-B0627AFDD597}.Debug|Any CPU.ActiveCfg = Debug|Any CPU
		{F4F74C0A-B441-475D-83E9-B0627AFDD597}.Debug|Any CPU.Build.0 = Debug|Any CPU
		{F4F74C0A-B441-475D-83E9-B0627AFDD597}.Release|Any CPU.ActiveCfg = Release|Any CPU
		{F4F74C0A-B441-475D-83E9-B0627AFDD597}.Release|Any CPU.Build.0 = Release|Any CPU
		{213EEA76-3561-4919-B93F-E0670D471E02}.Debug|Any CPU.ActiveCfg = Debug|Any CPU
		{213EEA76-3561-4919-B93F-E0670D471E02}.Debug|Any CPU.Build.0 = Debug|Any CPU
		{213EEA76-3561-4919-B93F-E0670D471E02}.Release|Any CPU.ActiveCfg = Release|Any CPU
		{213EEA76-3561-4919-B93F-E0670D471E02}.Release|Any CPU.Build.0 = Release|Any CPU
		{04CA7FC6-755A-4753-8845-C4A1CB4CDFB2}.Debug|Any CPU.ActiveCfg = Debug|Any CPU
		{04CA7FC6-755A-4753-8845-C4A1CB4CDFB2}.Debug|Any CPU.Build.0 = Debug|Any CPU
		{04CA7FC6-755A-4753-8845-C4A1CB4CDFB2}.Release|Any CPU.ActiveCfg = Release|Any CPU
		{04CA7FC6-755A-4753-8845-C4A1CB4CDFB2}.Release|Any CPU.Build.0 = Release|Any CPU
	EndGlobalSection
	GlobalSection(SolutionProperties) = preSolution
		HideSolutionNode = FALSE
	EndGlobalSection
	GlobalSection(NestedProjects) = preSolution
		{A931F6AB-5247-450A-83BE-E1FA46E086E6} = {B8E04D22-BF0C-4B5A-896D-3A3F3133201B}
		{3A441B5A-0F33-4226-BA44-F67573E58EF2} = {B8E04D22-BF0C-4B5A-896D-3A3F3133201B}
		{6E12030E-606E-4949-BFAC-5A5A1F94E75E} = {B8E04D22-BF0C-4B5A-896D-3A3F3133201B}
		{1C3F1EFE-357D-4198-9A3C-C06A0A4F3051} = {87D49C72-E478-4C6D-9F4C-A555B337F5B8}
		{13931987-A8A7-4131-8ED5-41F343BCF2D4} = {CC16EDD6-592E-44A1-963C-BDDDE0D25C5C}
		{C62513AF-FE92-4908-99A7-01A3F438CECA} = {13931987-A8A7-4131-8ED5-41F343BCF2D4}
		{23D6DF21-6F94-4B69-A0EF-767F9851206E} = {CC16EDD6-592E-44A1-963C-BDDDE0D25C5C}
		{32D9065A-EE15-4A2F-9140-142D915F8534} = {23D6DF21-6F94-4B69-A0EF-767F9851206E}
		{5584DF33-BE9B-4186-8147-D2FCDE899C23} = {CC16EDD6-592E-44A1-963C-BDDDE0D25C5C}
		{6CA94578-095B-4B4E-8DBF-6A069F0F5E9B} = {5584DF33-BE9B-4186-8147-D2FCDE899C23}
		{F4F74C0A-B441-475D-83E9-B0627AFDD597} = {5584DF33-BE9B-4186-8147-D2FCDE899C23}
		{213EEA76-3561-4919-B93F-E0670D471E02} = {5584DF33-BE9B-4186-8147-D2FCDE899C23}
		{04CA7FC6-755A-4753-8845-C4A1CB4CDFB2} = {35E6F3B0-5E2F-47D7-96C8-9F5C33268557}
	EndGlobalSection
	GlobalSection(ExtensibilityGlobals) = postSolution
		SolutionGuid = {08571316-4C15-45B4-B1B0-1F9E4B6D8EA1}
	EndGlobalSection
EndGlobal
